<?xml version="1.0" encoding="utf-8"?>
<Project ToolsVersion="4.0" xmlns="http://schemas.microsoft.com/developer/msbuild/2003">
  <ItemGroup>
    <Filter Include="C_Engine">
      <UniqueIdentifier>{9D4FBF8A-891C-1A96-B235-083E9E614F24}</UniqueIdentifier>
    </Filter>
  </ItemGroup>
  <ItemGroup>
    <ClInclude Include="src\C_Engine.h" />
    <ClInclude Include="src\C_Engine\Application.h">
      <Filter>C_Engine</Filter>
    </ClInclude>
    <ClInclude Include="src\C_Engine\Core.h">
      <Filter>C_Engine</Filter>
    </ClInclude>
    <ClInclude Include="src\C_Engine\EntryPoint.h">
      <Filter>C_Engine</Filter>
    </ClInclude>
    <ClInclude Include="src\C_Engine\Log.h">
      <Filter>C_Engine</Filter>
    </ClInclude>
    <ClInclude Include="src\C_Engine\Events\ApplicationEvent.h" />
    <ClInclude Include="src\C_Engine\Events\Event.h" />
    <ClInclude Include="src\C_Engine\Events\KeyEvent.h" />
    <ClInclude Include="src\C_Engine\Events\MouseEvent.h" />
  </ItemGroup>
  <ItemGroup>
    <ClCompile Include="src\C_Engine\Application.cpp">
      <Filter>C_Engine</Filter>
    </ClCompile>
    <ClCompile Include="src\C_Engine\Log.cpp">
      <Filter>C_Engine</Filter>
    </ClCompile>
  </ItemGroup>
</Project>